
Microsoft Visual Studio Solution File, Format Version 12.00
# Visual Studio 15
VisualStudioVersion = 15.0.28010.2019
MinimumVisualStudioVersion = 10.0.40219.1
Project("{FAE04EC0-301F-11D3-BF4B-00C04F79EFBC}") = "SimpleTCPServer", "SimpleTCPServer\SimpleTCPServer.csproj", "{AA144676-12B8-487C-8E13-C9F026E81D07}"
EndProject
Global
	GlobalSection(SolutionConfigurationPlatforms) = preSolution
		Debug|Any CPU = Debug|Any CPU
		Release|Any CPU = Release|Any CPU
	EndGlobalSection
	GlobalSection(ProjectConfigurationPlatforms) = postSolution
		{AA144676-12B8-487C-8E13-C9F026E81D07}.Debug|Any CPU.ActiveCfg = Debug|Any CPU
		{AA144676-12B8-487C-8E13-C9F026E81D07}.Debug|Any CPU.Build.0 = Debug|Any CPU
		{AA144676-12B8-487C-8E13-C9F026E81D07}.Release|Any CPU.ActiveCfg = Release|Any CPU
		{AA144676-12B8-487C-8E13-C9F026E81D07}.Release|Any CPU.Build.0 = Release|Any CPU
	EndGlobalSection
	GlobalSection(SolutionProperties) = preSolution
		HideSolutionNode = FALSE
	EndGlobalSection
	GlobalSection(ExtensibilityGlobals) = postSolution
		SolutionGuid = {F790B9AD-3EED-4890-B35F-E3013F3911AF}
	EndGlobalSection
EndGlobal
